// !$*UTF8*$!
{
	archiveVersion = 1;
	classes = {
	};
	objectVersion = 50;
	objects = {

/* Begin PBXBuildFile section */
		DA02E6A4214A96A700CDC13A /* export.data in Resources */ = {isa = PBXBuildFile; fileRef = DA02E6A3214A96A700CDC13A /* export.data */; };
		DA02E6A6214AAE2000CDC13A /* export.json in Resources */ = {isa = PBXBuildFile; fileRef = DA02E6A5214AAE2000CDC13A /* export.json */; };
		DA416059214A63FA007A66E5 /* sample2.jpg in Resources */ = {isa = PBXBuildFile; fileRef = DA416057214A63FA007A66E5 /* sample2.jpg */; };
		DA41605A214A63FA007A66E5 /* sample1.jpg in Resources */ = {isa = PBXBuildFile; fileRef = DA416058214A63FA007A66E5 /* sample1.jpg */; };
		DA41605C214A68E9007A66E5 /* libZipHero.a in Frameworks */ = {isa = PBXBuildFile; fileRef = DA646933214A547A00BE9922 /* libZipHero.a */; };
		DA41605E214A7A74007A66E5 /* Package.swift in Sources */ = {isa = PBXBuildFile; fileRef = DA41605D214A7A74007A66E5 /* Package.swift */; };
		DA416062214A7F91007A66E5 /* Item.swift in Sources */ = {isa = PBXBuildFile; fileRef = DA416061214A7F91007A66E5 /* Item.swift */; };
		DA416064214A80D9007A66E5 /* Exception.swift in Sources */ = {isa = PBXBuildFile; fileRef = DA416063214A80D9007A66E5 /* Exception.swift */; };
		DA64693A214A54C000BE9922 /* TestPack.swift in Sources */ = {isa = PBXBuildFile; fileRef = DA646939214A54C000BE9922 /* TestPack.swift */; };
		DA64693D214A54C900BE9922 /* ZipHero.swift in Sources */ = {isa = PBXBuildFile; fileRef = DA64693C214A54C900BE9922 /* ZipHero.swift */; };
		DAB1D6B9214B8C71002DA9F2 /* Data.swift in Sources */ = {isa = PBXBuildFile; fileRef = DAB1D6B8214B8C71002DA9F2 /* Data.swift */; };
		DAB1D6BB214B8DC7002DA9F2 /* sample3.jpg in Resources */ = {isa = PBXBuildFile; fileRef = DAB1D6BA214B8DC7002DA9F2 /* sample3.jpg */; };
		DAB1D6BD214B918A002DA9F2 /* TestUnpack.swift in Sources */ = {isa = PBXBuildFile; fileRef = DAB1D6BC214B918A002DA9F2 /* TestUnpack.swift */; };
		DAB1D6BF214BA0E1002DA9F2 /* TestZip.swift in Sources */ = {isa = PBXBuildFile; fileRef = DAB1D6BE214BA0E1002DA9F2 /* TestZip.swift */; };
/* End PBXBuildFile section */

/* Begin PBXContainerItemProxy section */
		DA2F9A80214A5346003A801F /* PBXContainerItemProxy */ = {
			isa = PBXContainerItemProxy;
			containerPortal = DA2F9A65214A5316003A801F /* Project object */;
			proxyType = 1;
			remoteGlobalIDString = DA2F9A6C214A5316003A801F;
			remoteInfo = ZipHero;
		};
/* End PBXContainerItemProxy section */

/* Begin PBXCopyFilesBuildPhase section */
		DA2F9A6B214A5316003A801F /* CopyFiles */ = {
			isa = PBXCopyFilesBuildPhase;
			buildActionMask = 2147483647;
			dstPath = "include/$(PRODUCT_NAME)";
			dstSubfolderSpec = 16;
			files = (
			);
			runOnlyForDeploymentPostprocessing = 0;
		};
/* End PBXCopyFilesBuildPhase section */

/* Begin PBXFileReference section */
		DA02E6A3214A96A700CDC13A /* export.data */ = {isa = PBXFileReference; lastKnownFileType = file; path = export.data; sourceTree = "<group>"; };
		DA02E6A5214AAE2000CDC13A /* export.json */ = {isa = PBXFileReference; fileEncoding = 4; lastKnownFileType = text.json; path = export.json; sourceTree = "<group>"; };
		DA416057214A63FA007A66E5 /* sample2.jpg */ = {isa = PBXFileReference; lastKnownFileType = image.jpeg; path = sample2.jpg; sourceTree = "<group>"; };
		DA416058214A63FA007A66E5 /* sample1.jpg */ = {isa = PBXFileReference; lastKnownFileType = image.jpeg; path = sample1.jpg; sourceTree = "<group>"; };
		DA41605D214A7A74007A66E5 /* Package.swift */ = {isa = PBXFileReference; lastKnownFileType = sourcecode.swift; path = Package.swift; sourceTree = "<group>"; };
		DA416061214A7F91007A66E5 /* Item.swift */ = {isa = PBXFileReference; lastKnownFileType = sourcecode.swift; path = Item.swift; sourceTree = "<group>"; };
		DA416063214A80D9007A66E5 /* Exception.swift */ = {isa = PBXFileReference; lastKnownFileType = sourcecode.swift; path = Exception.swift; sourceTree = "<group>"; };
		DA646933214A547A00BE9922 /* libZipHero.a */ = {isa = PBXFileReference; explicitFileType = archive.ar; includeInIndex = 0; path = libZipHero.a; sourceTree = BUILT_PRODUCTS_DIR; };
		DA646934214A547A00BE9922 /* Tests.xctest */ = {isa = PBXFileReference; explicitFileType = wrapper.cfbundle; includeInIndex = 0; path = Tests.xctest; sourceTree = BUILT_PRODUCTS_DIR; };
		DA646936214A54AC00BE9922 /* tests.plist */ = {isa = PBXFileReference; lastKnownFileType = text.plist.xml; path = tests.plist; sourceTree = "<group>"; };
		DA646939214A54C000BE9922 /* TestPack.swift */ = {isa = PBXFileReference; fileEncoding = 4; lastKnownFileType = sourcecode.swift; path = TestPack.swift; sourceTree = "<group>"; };
		DA64693C214A54C900BE9922 /* ZipHero.swift */ = {isa = PBXFileReference; fileEncoding = 4; lastKnownFileType = sourcecode.swift; path = ZipHero.swift; sourceTree = "<group>"; };
		DAB1D6B8214B8C71002DA9F2 /* Data.swift */ = {isa = PBXFileReference; lastKnownFileType = sourcecode.swift; path = Data.swift; sourceTree = "<group>"; };
		DAB1D6BA214B8DC7002DA9F2 /* sample3.jpg */ = {isa = PBXFileReference; lastKnownFileType = image.jpeg; path = sample3.jpg; sourceTree = "<group>"; };
		DAB1D6BC214B918A002DA9F2 /* TestUnpack.swift */ = {isa = PBXFileReference; lastKnownFileType = sourcecode.swift; path = TestUnpack.swift; sourceTree = "<group>"; };
		DAB1D6BE214BA0E1002DA9F2 /* TestZip.swift */ = {isa = PBXFileReference; lastKnownFileType = sourcecode.swift; path = TestZip.swift; sourceTree = "<group>"; };
/* End PBXFileReference section */

/* Begin PBXFrameworksBuildPhase section */
		DA2F9A6A214A5316003A801F /* Frameworks */ = {
			isa = PBXFrameworksBuildPhase;
			buildActionMask = 2147483647;
			files = (
			);
			runOnlyForDeploymentPostprocessing = 0;
		};
		DA2F9A78214A5346003A801F /* Frameworks */ = {
			isa = PBXFrameworksBuildPhase;
			buildActionMask = 2147483647;
			files = (
				DA41605C214A68E9007A66E5 /* libZipHero.a in Frameworks */,
			);
			runOnlyForDeploymentPostprocessing = 0;
		};
/* End PBXFrameworksBuildPhase section */

/* Begin PBXGroup section */
		DA2F9A64214A5316003A801F = {
			isa = PBXGroup;
			children = (
				DA64693B214A54C900BE9922 /* Source */,
				DA646938214A54C000BE9922 /* Tests */,
				DA646937214A54C000BE9922 /* Resources */,
				DA646936214A54AC00BE9922 /* tests.plist */,
				DA646933214A547A00BE9922 /* libZipHero.a */,
				DA646934214A547A00BE9922 /* Tests.xctest */,
				DA41605B214A68E9007A66E5 /* Frameworks */,
			);
			sourceTree = "<group>";
		};
		DA41605B214A68E9007A66E5 /* Frameworks */ = {
			isa = PBXGroup;
			children = (
			);
			name = Frameworks;
			sourceTree = "<group>";
		};
		DA646937214A54C000BE9922 /* Resources */ = {
			isa = PBXGroup;
			children = (
				DA02E6A5214AAE2000CDC13A /* export.json */,
				DA02E6A3214A96A700CDC13A /* export.data */,
				DA416058214A63FA007A66E5 /* sample1.jpg */,
				DA416057214A63FA007A66E5 /* sample2.jpg */,
				DAB1D6BA214B8DC7002DA9F2 /* sample3.jpg */,
			);
			path = Resources;
			sourceTree = "<group>";
		};
		DA646938214A54C000BE9922 /* Tests */ = {
			isa = PBXGroup;
			children = (
				DA646939214A54C000BE9922 /* TestPack.swift */,
				DAB1D6BC214B918A002DA9F2 /* TestUnpack.swift */,
				DAB1D6BE214BA0E1002DA9F2 /* TestZip.swift */,
			);
			path = Tests;
			sourceTree = "<group>";
		};
		DA64693B214A54C900BE9922 /* Source */ = {
			isa = PBXGroup;
			children = (
				DA64693C214A54C900BE9922 /* ZipHero.swift */,
				DA41605D214A7A74007A66E5 /* Package.swift */,
				DA416061214A7F91007A66E5 /* Item.swift */,
				DAB1D6B8214B8C71002DA9F2 /* Data.swift */,
				DA416063214A80D9007A66E5 /* Exception.swift */,
			);
			path = Source;
			sourceTree = "<group>";
		};
/* End PBXGroup section */

/* Begin PBXNativeTarget section */
		DA2F9A6C214A5316003A801F /* ZipHero */ = {
			isa = PBXNativeTarget;
			buildConfigurationList = DA2F9A74214A5316003A801F /* Build configuration list for PBXNativeTarget "ZipHero" */;
			buildPhases = (
				DA2F9A69214A5316003A801F /* Sources */,
				DA2F9A6A214A5316003A801F /* Frameworks */,
				DA2F9A6B214A5316003A801F /* CopyFiles */,
			);
			buildRules = (
			);
			dependencies = (
			);
			name = ZipHero;
			productName = ZipHero;
			productReference = DA646933214A547A00BE9922 /* libZipHero.a */;
			productType = "com.apple.product-type.library.static";
		};
		DA2F9A7A214A5346003A801F /* Tests */ = {
			isa = PBXNativeTarget;
			buildConfigurationList = DA2F9A82214A5346003A801F /* Build configuration list for PBXNativeTarget "Tests" */;
			buildPhases = (
				DA2F9A77214A5346003A801F /* Sources */,
				DA2F9A78214A5346003A801F /* Frameworks */,
				DA2F9A79214A5346003A801F /* Resources */,
			);
			buildRules = (
			);
			dependencies = (
				DA2F9A81214A5346003A801F /* PBXTargetDependency */,
			);
			name = Tests;
			productName = Tests;
			productReference = DA646934214A547A00BE9922 /* Tests.xctest */;
			productType = "com.apple.product-type.bundle.unit-test";
		};
/* End PBXNativeTarget section */

/* Begin PBXProject section */
		DA2F9A65214A5316003A801F /* Project object */ = {
			isa = PBXProject;
			attributes = {
				LastSwiftUpdateCheck = 1000;
				LastUpgradeCheck = 1000;
				ORGANIZATIONNAME = iturbide;
				TargetAttributes = {
					DA2F9A6C214A5316003A801F = {
						CreatedOnToolsVersion = 10.0;
					};
					DA2F9A7A214A5346003A801F = {
						CreatedOnToolsVersion = 10.0;
					};
				};
			};
			buildConfigurationList = DA2F9A68214A5316003A801F /* Build configuration list for PBXProject "ZipHero" */;
			compatibilityVersion = "Xcode 9.3";
			developmentRegion = en;
			hasScannedForEncodings = 0;
			knownRegions = (
				en,
			);
			mainGroup = DA2F9A64214A5316003A801F;
			productRefGroup = DA2F9A64214A5316003A801F;
			projectDirPath = "";
			projectRoot = "";
			targets = (
				DA2F9A6C214A5316003A801F /* ZipHero */,
				DA2F9A7A214A5346003A801F /* Tests */,
			);
		};
/* End PBXProject section */

/* Begin PBXResourcesBuildPhase section */
		DA2F9A79214A5346003A801F /* Resources */ = {
			isa = PBXResourcesBuildPhase;
			buildActionMask = 2147483647;
			files = (
				DA416059214A63FA007A66E5 /* sample2.jpg in Resources */,
				DAB1D6BB214B8DC7002DA9F2 /* sample3.jpg in Resources */,
				DA02E6A6214AAE2000CDC13A /* export.json in Resources */,
				DA02E6A4214A96A700CDC13A /* export.data in Resources */,
				DA41605A214A63FA007A66E5 /* sample1.jpg in Resources */,
			);
			runOnlyForDeploymentPostprocessing = 0;
		};
/* End PBXResourcesBuildPhase section */

/* Begin PBXSourcesBuildPhase section */
		DA2F9A69214A5316003A801F /* Sources */ = {
			isa = PBXSourcesBuildPhase;
			buildActionMask = 2147483647;
			files = (
				DA416064214A80D9007A66E5 /* Exception.swift in Sources */,
				DA416062214A7F91007A66E5 /* Item.swift in Sources */,
				DA41605E214A7A74007A66E5 /* Package.swift in Sources */,
				DA64693D214A54C900BE9922 /* ZipHero.swift in Sources */,
				DAB1D6B9214B8C71002DA9F2 /* Data.swift in Sources */,
			);
			runOnlyForDeploymentPostprocessing = 0;
		};
		DA2F9A77214A5346003A801F /* Sources */ = {
			isa = PBXSourcesBuildPhase;
			buildActionMask = 2147483647;
			files = (
				DAB1D6BF214BA0E1002DA9F2 /* TestZip.swift in Sources */,
				DA64693A214A54C000BE9922 /* TestPack.swift in Sources */,
				DAB1D6BD214B918A002DA9F2 /* TestUnpack.swift in Sources */,
			);
			runOnlyForDeploymentPostprocessing = 0;
		};
/* End PBXSourcesBuildPhase section */

/* Begin PBXTargetDependency section */
		DA2F9A81214A5346003A801F /* PBXTargetDependency */ = {
			isa = PBXTargetDependency;
			target = DA2F9A6C214A5316003A801F /* ZipHero */;
			targetProxy = DA2F9A80214A5346003A801F /* PBXContainerItemProxy */;
		};
/* End PBXTargetDependency section */

/* Begin XCBuildConfiguration section */
		DA2F9A72214A5316003A801F /* Debug */ = {
			isa = XCBuildConfiguration;
			buildSettings = {
				ALWAYS_SEARCH_USER_PATHS = NO;
				CLANG_ANALYZER_NONNULL = YES;
				CLANG_ANALYZER_NUMBER_OBJECT_CONVERSION = YES_AGGRESSIVE;
				CLANG_CXX_LANGUAGE_STANDARD = "gnu++14";
				CLANG_CXX_LIBRARY = "libc++";
				CLANG_ENABLE_OBJC_ARC = YES;
				CLANG_ENABLE_OBJC_WEAK = YES;
				CLANG_WARN_BLOCK_CAPTURE_AUTORELEASING = YES;
				CLANG_WARN_BOOL_CONVERSION = YES;
				CLANG_WARN_COMMA = YES;
				CLANG_WARN_CONSTANT_CONVERSION = YES;
				CLANG_WARN_DEPRECATED_OBJC_IMPLEMENTATIONS = YES;
				CLANG_WARN_DIRECT_OBJC_ISA_USAGE = YES_ERROR;
				CLANG_WARN_DOCUMENTATION_COMMENTS = YES;
				CLANG_WARN_EMPTY_BODY = YES;
				CLANG_WARN_ENUM_CONVERSION = YES;
				CLANG_WARN_INFINITE_RECURSION = YES;
				CLANG_WARN_INT_CONVERSION = YES;
				CLANG_WARN_NON_LITERAL_NULL_CONVERSION = YES;
				CLANG_WARN_OBJC_IMPLICIT_RETAIN_SELF = YES;
				CLANG_WARN_OBJC_LITERAL_CONVERSION = YES;
				CLANG_WARN_OBJC_ROOT_CLASS = YES_ERROR;
				CLANG_WARN_RANGE_LOOP_ANALYSIS = YES;
				CLANG_WARN_STRICT_PROTOTYPES = YES;
				CLANG_WARN_SUSPICIOUS_MOVE = YES;
				CLANG_WARN_UNGUARDED_AVAILABILITY = YES_AGGRESSIVE;
				CLANG_WARN_UNREACHABLE_CODE = YES;
				CLANG_WARN__DUPLICATE_METHOD_MATCH = YES;
				CODE_SIGN_IDENTITY = "iPhone Developer";
				COPY_PHASE_STRIP = NO;
				DEBUG_INFORMATION_FORMAT = dwarf;
				ENABLE_STRICT_OBJC_MSGSEND = YES;
				ENABLE_TESTABILITY = YES;
				GCC_C_LANGUAGE_STANDARD = gnu11;
				GCC_DYNAMIC_NO_PIC = NO;
				GCC_NO_COMMON_BLOCKS = YES;
				GCC_OPTIMIZATION_LEVEL = 0;
				GCC_PREPROCESSOR_DEFINITIONS = (
					"DEBUG=1",
					"$(inherited)",
				);
				GCC_WARN_64_TO_32_BIT_CONVERSION = YES;
				GCC_WARN_ABOUT_RETURN_TYPE = YES_ERROR;
				GCC_WARN_UNDECLARED_SELECTOR = YES;
				GCC_WARN_UNINITIALIZED_AUTOS = YES_AGGRESSIVE;
				GCC_WARN_UNUSED_FUNCTION = YES;
				GCC_WARN_UNUSED_VARIABLE = YES;
				IPHONEOS_DEPLOYMENT_TARGET = 9.0;
				MTL_ENABLE_DEBUG_INFO = INCLUDE_SOURCE;
				MTL_FAST_MATH = YES;
				ONLY_ACTIVE_ARCH = YES;
				SDKROOT = iphoneos;
				SWIFT_ACTIVE_COMPILATION_CONDITIONS = DEBUG;
				SWIFT_INSTALL_OBJC_HEADER = NO;
				SWIFT_OPTIMIZATION_LEVEL = "-Onone";
				SWIFT_VERSION = 4.2;
			};
			name = Debug;
		};
		DA2F9A73214A5316003A801F /* Release */ = {
			isa = XCBuildConfiguration;
			buildSettings = {
				ALWAYS_SEARCH_USER_PATHS = NO;
				CLANG_ANALYZER_NONNULL = YES;
				CLANG_ANALYZER_NUMBER_OBJECT_CONVERSION = YES_AGGRESSIVE;
				CLANG_CXX_LANGUAGE_STANDARD = "gnu++14";
				CLANG_CXX_LIBRARY = "libc++";
				CLANG_ENABLE_OBJC_ARC = YES;
				CLANG_ENABLE_OBJC_WEAK = YES;
				CLANG_WARN_BLOCK_CAPTURE_AUTORELEASING = YES;
				CLANG_WARN_BOOL_CONVERSION = YES;
				CLANG_WARN_COMMA = YES;
				CLANG_WARN_CONSTANT_CONVERSION = YES;
				CLANG_WARN_DEPRECATED_OBJC_IMPLEMENTATIONS = YES;
				CLANG_WARN_DIRECT_OBJC_ISA_USAGE = YES_ERROR;
				CLANG_WARN_DOCUMENTATION_COMMENTS = YES;
				CLANG_WARN_EMPTY_BODY = YES;
				CLANG_WARN_ENUM_CONVERSION = YES;
				CLANG_WARN_INFINITE_RECURSION = YES;
				CLANG_WARN_INT_CONVERSION = YES;
				CLANG_WARN_NON_LITERAL_NULL_CONVERSION = YES;
				CLANG_WARN_OBJC_IMPLICIT_RETAIN_SELF = YES;
				CLANG_WARN_OBJC_LITERAL_CONVERSION = YES;
				CLANG_WARN_OBJC_ROOT_CLASS = YES_ERROR;
				CLANG_WARN_RANGE_LOOP_ANALYSIS = YES;
				CLANG_WARN_STRICT_PROTOTYPES = YES;
				CLANG_WARN_SUSPICIOUS_MOVE = YES;
				CLANG_WARN_UNGUARDED_AVAILABILITY = YES_AGGRESSIVE;
				CLANG_WARN_UNREACHABLE_CODE = YES;
				CLANG_WARN__DUPLICATE_METHOD_MATCH = YES;
				CODE_SIGN_IDENTITY = "iPhone Developer";
				COPY_PHASE_STRIP = NO;
				DEBUG_INFORMATION_FORMAT = dwarf;
				ENABLE_NS_ASSERTIONS = NO;
				ENABLE_STRICT_OBJC_MSGSEND = YES;
				GCC_C_LANGUAGE_STANDARD = gnu11;
				GCC_NO_COMMON_BLOCKS = YES;
				GCC_WARN_64_TO_32_BIT_CONVERSION = YES;
				GCC_WARN_ABOUT_RETURN_TYPE = YES_ERROR;
				GCC_WARN_UNDECLARED_SELECTOR = YES;
				GCC_WARN_UNINITIALIZED_AUTOS = YES_AGGRESSIVE;
				GCC_WARN_UNUSED_FUNCTION = YES;
				GCC_WARN_UNUSED_VARIABLE = YES;
				IPHONEOS_DEPLOYMENT_TARGET = 9.0;
				MTL_ENABLE_DEBUG_INFO = NO;
				MTL_FAST_MATH = YES;
				SDKROOT = iphoneos;
				SWIFT_COMPILATION_MODE = wholemodule;
				SWIFT_INSTALL_OBJC_HEADER = NO;
				SWIFT_OPTIMIZATION_LEVEL = "-O";
				SWIFT_VERSION = 4.2;
				VALIDATE_PRODUCT = YES;
			};
			name = Release;
		};
		DA2F9A75214A5316003A801F /* Debug */ = {
			isa = XCBuildConfiguration;
			buildSettings = {
				CODE_SIGN_STYLE = Automatic;
				DEVELOPMENT_TEAM = 7AMWG3RLHN;
				OTHER_LDFLAGS = "-ObjC";
				PRODUCT_NAME = "$(TARGET_NAME)";
				SKIP_INSTALL = YES;
				TARGETED_DEVICE_FAMILY = "1,2";
			};
			name = Debug;
		};
		DA2F9A76214A5316003A801F /* Release */ = {
			isa = XCBuildConfiguration;
			buildSettings = {
				CODE_SIGN_STYLE = Automatic;
				DEVELOPMENT_TEAM = 7AMWG3RLHN;
				OTHER_LDFLAGS = "-ObjC";
				PRODUCT_NAME = "$(TARGET_NAME)";
				SKIP_INSTALL = YES;
				TARGETED_DEVICE_FAMILY = "1,2";
			};
			name = Release;
		};
		DA2F9A83214A5346003A801F /* Debug */ = {
			isa = XCBuildConfiguration;
			buildSettings = {
				ALWAYS_EMBED_SWIFT_STANDARD_LIBRARIES = YES;
				CODE_SIGN_STYLE = Manual;
				DEVELOPMENT_TEAM = "";
				INFOPLIST_FILE = tests.plist;
				LD_RUNPATH_SEARCH_PATHS = (
					"$(inherited)",
					"@executable_path/Frameworks",
					"@loader_path/Frameworks",
				);
				PRODUCT_BUNDLE_IDENTIFIER = iturbide.ZipHero.Tests;
				PRODUCT_NAME = "$(TARGET_NAME)";
				PROVISIONING_PROFILE_SPECIFIER = "";
				TARGETED_DEVICE_FAMILY = "1,2";
			};
			name = Debug;
		};
		DA2F9A84214A5346003A801F /* Release */ = {
			isa = XCBuildConfiguration;
			buildSettings = {
				ALWAYS_EMBED_SWIFT_STANDARD_LIBRARIES = YES;
				CODE_SIGN_STYLE = Manual;
				DEVELOPMENT_TEAM = "";
				INFOPLIST_FILE = tests.plist;
				LD_RUNPATH_SEARCH_PATHS = (
					"$(inherited)",
					"@executable_path/Frameworks",
					"@loader_path/Frameworks",
				);
				PRODUCT_BUNDLE_IDENTIFIER = iturbide.ZipHero.Tests;
				PRODUCT_NAME = "$(TARGET_NAME)";
				PROVISIONING_PROFILE_SPECIFIER = "";
				TARGETED_DEVICE_FAMILY = "1,2";
			};
			name = Release;
		};
/* End XCBuildConfiguration section */

/* Begin XCConfigurationList section */
		DA2F9A68214A5316003A801F /* Build configuration list for PBXProject "ZipHero" */ = {
			isa = XCConfigurationList;
			buildConfigurations = (
				DA2F9A72214A5316003A801F /* Debug */,
				DA2F9A73214A5316003A801F /* Release */,
			);
			defaultConfigurationIsVisible = 0;
			defaultConfigurationName = Release;
		};
		DA2F9A74214A5316003A801F /* Build configuration list for PBXNativeTarget "ZipHero" */ = {
			isa = XCConfigurationList;
			buildConfigurations = (
				DA2F9A75214A5316003A801F /* Debug */,
				DA2F9A76214A5316003A801F /* Release */,
			);
			defaultConfigurationIsVisible = 0;
			defaultConfigurationName = Release;
		};
		DA2F9A82214A5346003A801F /* Build configuration list for PBXNativeTarget "Tests" */ = {
			isa = XCConfigurationList;
			buildConfigurations = (
				DA2F9A83214A5346003A801F /* Debug */,
				DA2F9A84214A5346003A801F /* Release */,
			);
			defaultConfigurationIsVisible = 0;
			defaultConfigurationName = Release;
		};
/* End XCConfigurationList section */
	};
	rootObject = DA2F9A65214A5316003A801F /* Project object */;
}
